// !$*UTF8*$!
{
	archiveVersion = 1;
	classes = {
	};
	objectVersion = 55;
	objects = {

/* Begin PBXBuildFile section */
		241C41CF282A1144008995C9 /* sound.mp3 in Resources */ = {isa = PBXBuildFile; fileRef = 241C41CE282A1144008995C9 /* sound.mp3 */; };
		241C41D5282AB203008995C9 /* Assets.xcassets in Resources */ = {isa = PBXBuildFile; fileRef = 241C41D4282AB203008995C9 /* Assets.xcassets */; };
		241C41DB282AB203008995C9 /* BathWashForWatch WatchKit Extension.appex in Embed App Extensions */ = {isa = PBXBuildFile; fileRef = 241C41DA282AB203008995C9 /* BathWashForWatch WatchKit Extension.appex */; settings = {ATTRIBUTES = (RemoveHeadersOnCopy, ); }; };
		241C41E0282AB203008995C9 /* BathWashDayApp.swift in Sources */ = {isa = PBXBuildFile; fileRef = 241C41DF282AB203008995C9 /* BathWashDayApp.swift */; };
		241C41E2282AB203008995C9 /* ContentView.swift in Sources */ = {isa = PBXBuildFile; fileRef = 241C41E1282AB203008995C9 /* ContentView.swift */; };
		241C41E4282AB203008995C9 /* NotificationController.swift in Sources */ = {isa = PBXBuildFile; fileRef = 241C41E3282AB203008995C9 /* NotificationController.swift */; };
		241C41E6282AB203008995C9 /* NotificationView.swift in Sources */ = {isa = PBXBuildFile; fileRef = 241C41E5282AB203008995C9 /* NotificationView.swift */; };
		241C41E8282AB203008995C9 /* ComplicationController.swift in Sources */ = {isa = PBXBuildFile; fileRef = 241C41E7282AB203008995C9 /* ComplicationController.swift */; };
		241C41EA282AB205008995C9 /* Assets.xcassets in Resources */ = {isa = PBXBuildFile; fileRef = 241C41E9282AB205008995C9 /* Assets.xcassets */; };
		241C41ED282AB205008995C9 /* Preview Assets.xcassets in Resources */ = {isa = PBXBuildFile; fileRef = 241C41EC282AB205008995C9 /* Preview Assets.xcassets */; };
		241C41F2282AB205008995C9 /* BathWashForWatch.app in Embed Watch Content */ = {isa = PBXBuildFile; fileRef = 241C41D2282AB1FF008995C9 /* BathWashForWatch.app */; settings = {ATTRIBUTES = (RemoveHeadersOnCopy, ); }; };
		241C41FC282AB5CF008995C9 /* WatchService.swift in Sources */ = {isa = PBXBuildFile; fileRef = 241C41FB282AB5CE008995C9 /* WatchService.swift */; };
		241C41FE282AB7F5008995C9 /* WatchConnectivity.swift in Sources */ = {isa = PBXBuildFile; fileRef = 241C41FD282AB7F5008995C9 /* WatchConnectivity.swift */; };
		241C4208282C535F008995C9 /* BashWashCore.docc in Sources */ = {isa = PBXBuildFile; fileRef = 241C4207282C535F008995C9 /* BashWashCore.docc */; };
		241C420E282C5360008995C9 /* BathWashCore.framework in Frameworks */ = {isa = PBXBuildFile; fileRef = 241C4204282C535F008995C9 /* BathWashCore.framework */; };
		241C4216282C5360008995C9 /* BashWashCore.h in Headers */ = {isa = PBXBuildFile; fileRef = 241C4206282C535F008995C9 /* BashWashCore.h */; settings = {ATTRIBUTES = (Public, ); }; };
		241C4219282C5360008995C9 /* BathWashCore.framework in Frameworks */ = {isa = PBXBuildFile; fileRef = 241C4204282C535F008995C9 /* BathWashCore.framework */; };
		241C421A282C5360008995C9 /* BathWashCore.framework in Embed Frameworks */ = {isa = PBXBuildFile; fileRef = 241C4204282C535F008995C9 /* BathWashCore.framework */; settings = {ATTRIBUTES = (CodeSignOnCopy, RemoveHeadersOnCopy, ); }; };
		241C4222282C53D3008995C9 /* UserDefaultDao.swift in Sources */ = {isa = PBXBuildFile; fileRef = 249250BC28294F19009E4417 /* UserDefaultDao.swift */; };
		241C4223282C53D3008995C9 /* WashDay.swift in Sources */ = {isa = PBXBuildFile; fileRef = 249250BA282946D8009E4417 /* WashDay.swift */; };
		241C4225282C53F8008995C9 /* WashDayCheckService.swift in Sources */ = {isa = PBXBuildFile; fileRef = 241C4224282C53F8008995C9 /* WashDayCheckService.swift */; };
		241C4226282C5423008995C9 /* BathWashDayTests.swift in Sources */ = {isa = PBXBuildFile; fileRef = 249250B22829467B009E4417 /* BathWashDayTests.swift */; };
		241C4228282C56FC008995C9 /* ViewModel.swift in Sources */ = {isa = PBXBuildFile; fileRef = 241C4227282C56FC008995C9 /* ViewModel.swift */; };
		241C422A282C5C97008995C9 /* BathWashCore.framework in Frameworks */ = {isa = PBXBuildFile; fileRef = 241C4204282C535F008995C9 /* BathWashCore.framework */; };
		241C422B282C5C97008995C9 /* BathWashCore.framework in Embed Frameworks */ = {isa = PBXBuildFile; fileRef = 241C4204282C535F008995C9 /* BathWashCore.framework */; settings = {ATTRIBUTES = (CodeSignOnCopy, RemoveHeadersOnCopy, ); }; };
		24224E19282E68E700A86160 /* ComplicationView.swift in Sources */ = {isa = PBXBuildFile; fileRef = 24224E18282E68E700A86160 /* ComplicationView.swift */; };
		245448292835E153003ACBF4 /* WashInFuture.swift in Sources */ = {isa = PBXBuildFile; fileRef = 245448282835E153003ACBF4 /* WashInFuture.swift */; };
		2454482B2835E3C4003ACBF4 /* WashInFutureTests.swift in Sources */ = {isa = PBXBuildFile; fileRef = 2454482A2835E3C4003ACBF4 /* WashInFutureTests.swift */; };
		247E06462829FA2A00C85663 /* NotificationService.swift in Sources */ = {isa = PBXBuildFile; fileRef = 247E06452829FA2A00C85663 /* NotificationService.swift */; };
		249250992829429E009E4417 /* AppDelegate.swift in Sources */ = {isa = PBXBuildFile; fileRef = 249250982829429E009E4417 /* AppDelegate.swift */; };
		2492509B2829429E009E4417 /* SceneDelegate.swift in Sources */ = {isa = PBXBuildFile; fileRef = 2492509A2829429E009E4417 /* SceneDelegate.swift */; };
		2492509D2829429E009E4417 /* ViewController.swift in Sources */ = {isa = PBXBuildFile; fileRef = 2492509C2829429E009E4417 /* ViewController.swift */; };
		249250A02829429E009E4417 /* Main.storyboard in Resources */ = {isa = PBXBuildFile; fileRef = 2492509E2829429E009E4417 /* Main.storyboard */; };
		249250A2282942A2009E4417 /* Assets.xcassets in Resources */ = {isa = PBXBuildFile; fileRef = 249250A1282942A2009E4417 /* Assets.xcassets */; };
		249250A5282942A2009E4417 /* LaunchScreen.storyboard in Resources */ = {isa = PBXBuildFile; fileRef = 249250A3282942A2009E4417 /* LaunchScreen.storyboard */; };
/* End PBXBuildFile section */

/* Begin PBXContainerItemProxy section */
		241C41DC282AB203008995C9 /* PBXContainerItemProxy */ = {
			isa = PBXContainerItemProxy;
			containerPortal = 2492508D2829429E009E4417 /* Project object */;
			proxyType = 1;
			remoteGlobalIDString = 241C41D9282AB203008995C9;
			remoteInfo = "BathWashForWatch WatchKit Extension";
		};
		241C41F0282AB205008995C9 /* PBXContainerItemProxy */ = {
			isa = PBXContainerItemProxy;
			containerPortal = 2492508D2829429E009E4417 /* Project object */;
			proxyType = 1;
			remoteGlobalIDString = 241C41D1282AB1FF008995C9;
			remoteInfo = BathWashForWatch;
		};
		241C420F282C5360008995C9 /* PBXContainerItemProxy */ = {
			isa = PBXContainerItemProxy;
			containerPortal = 2492508D2829429E009E4417 /* Project object */;
			proxyType = 1;
			remoteGlobalIDString = 241C4203282C535F008995C9;
			remoteInfo = BashWashCore;
		};
		241C4211282C5360008995C9 /* PBXContainerItemProxy */ = {
			isa = PBXContainerItemProxy;
			containerPortal = 2492508D2829429E009E4417 /* Project object */;
			proxyType = 1;
			remoteGlobalIDString = 249250942829429E009E4417;
			remoteInfo = BathWashDay;
		};
		241C4217282C5360008995C9 /* PBXContainerItemProxy */ = {
			isa = PBXContainerItemProxy;
			containerPortal = 2492508D2829429E009E4417 /* Project object */;
			proxyType = 1;
			remoteGlobalIDString = 241C4203282C535F008995C9;
			remoteInfo = BashWashCore;
		};
		241C422C282C5C97008995C9 /* PBXContainerItemProxy */ = {
			isa = PBXContainerItemProxy;
			containerPortal = 2492508D2829429E009E4417 /* Project object */;
			proxyType = 1;
			remoteGlobalIDString = 241C4203282C535F008995C9;
			remoteInfo = BathWashCore;
		};
		249250B42829467B009E4417 /* PBXContainerItemProxy */ = {
			isa = PBXContainerItemProxy;
			containerPortal = 2492508D2829429E009E4417 /* Project object */;
			proxyType = 1;
			remoteGlobalIDString = 249250942829429E009E4417;
			remoteInfo = BathWashDay;
		};
/* End PBXContainerItemProxy section */

/* Begin PBXCopyFilesBuildPhase section */
		241C41F6282AB205008995C9 /* Embed App Extensions */ = {
			isa = PBXCopyFilesBuildPhase;
			buildActionMask = 2147483647;
			dstPath = "";
			dstSubfolderSpec = 13;
			files = (
				241C41DB282AB203008995C9 /* BathWashForWatch WatchKit Extension.appex in Embed App Extensions */,
			);
			name = "Embed App Extensions";
			runOnlyForDeploymentPostprocessing = 0;
		};
		241C41FA282AB205008995C9 /* Embed Watch Content */ = {
			isa = PBXCopyFilesBuildPhase;
			buildActionMask = 2147483647;
			dstPath = "$(CONTENTS_FOLDER_PATH)/Watch";
			dstSubfolderSpec = 16;
			files = (
				241C41F2282AB205008995C9 /* BathWashForWatch.app in Embed Watch Content */,
			);
			name = "Embed Watch Content";
			runOnlyForDeploymentPostprocessing = 0;
		};
		241C421E282C5360008995C9 /* Embed Frameworks */ = {
			isa = PBXCopyFilesBuildPhase;
			buildActionMask = 2147483647;
			dstPath = "";
			dstSubfolderSpec = 10;
			files = (
				241C421A282C5360008995C9 /* BathWashCore.framework in Embed Frameworks */,
			);
			name = "Embed Frameworks";
			runOnlyForDeploymentPostprocessing = 0;
		};
		241C422E282C5C97008995C9 /* Embed Frameworks */ = {
			isa = PBXCopyFilesBuildPhase;
			buildActionMask = 2147483647;
			dstPath = "";
			dstSubfolderSpec = 10;
			files = (
				241C422B282C5C97008995C9 /* BathWashCore.framework in Embed Frameworks */,
			);
			name = "Embed Frameworks";
			runOnlyForDeploymentPostprocessing = 0;
		};
/* End PBXCopyFilesBuildPhase section */

/* Begin PBXFileReference section */
		241C41CE282A1144008995C9 /* sound.mp3 */ = {isa = PBXFileReference; lastKnownFileType = audio.mp3; name = sound.mp3; path = ../../../../Downloads/sound.mp3; sourceTree = "<group>"; };
		241C41D2282AB1FF008995C9 /* BathWashForWatch.app */ = {isa = PBXFileReference; explicitFileType = wrapper.application; includeInIndex = 0; path = BathWashForWatch.app; sourceTree = BUILT_PRODUCTS_DIR; };
		241C41D4282AB203008995C9 /* Assets.xcassets */ = {isa = PBXFileReference; lastKnownFileType = folder.assetcatalog; path = Assets.xcassets; sourceTree = "<group>"; };
		241C41DA282AB203008995C9 /* BathWashForWatch WatchKit Extension.appex */ = {isa = PBXFileReference; explicitFileType = "wrapper.app-extension"; includeInIndex = 0; path = "BathWashForWatch WatchKit Extension.appex"; sourceTree = BUILT_PRODUCTS_DIR; };
		241C41DF282AB203008995C9 /* BathWashDayApp.swift */ = {isa = PBXFileReference; lastKnownFileType = sourcecode.swift; path = BathWashDayApp.swift; sourceTree = "<group>"; };
		241C41E1282AB203008995C9 /* ContentView.swift */ = {isa = PBXFileReference; lastKnownFileType = sourcecode.swift; path = ContentView.swift; sourceTree = "<group>"; };
		241C41E3282AB203008995C9 /* NotificationController.swift */ = {isa = PBXFileReference; lastKnownFileType = sourcecode.swift; path = NotificationController.swift; sourceTree = "<group>"; };
		241C41E5282AB203008995C9 /* NotificationView.swift */ = {isa = PBXFileReference; lastKnownFileType = sourcecode.swift; path = NotificationView.swift; sourceTree = "<group>"; };
		241C41E7282AB203008995C9 /* ComplicationController.swift */ = {isa = PBXFileReference; lastKnownFileType = sourcecode.swift; path = ComplicationController.swift; sourceTree = "<group>"; };
		241C41E9282AB205008995C9 /* Assets.xcassets */ = {isa = PBXFileReference; lastKnownFileType = folder.assetcatalog; path = Assets.xcassets; sourceTree = "<group>"; };
		241C41EC282AB205008995C9 /* Preview Assets.xcassets */ = {isa = PBXFileReference; lastKnownFileType = folder.assetcatalog; path = "Preview Assets.xcassets"; sourceTree = "<group>"; };
		241C41EE282AB205008995C9 /* Info.plist */ = {isa = PBXFileReference; lastKnownFileType = text.plist.xml; path = Info.plist; sourceTree = "<group>"; };
		241C41EF282AB205008995C9 /* PushNotificationPayload.apns */ = {isa = PBXFileReference; lastKnownFileType = text; path = PushNotificationPayload.apns; sourceTree = "<group>"; };
		241C41FB282AB5CE008995C9 /* WatchService.swift */ = {isa = PBXFileReference; lastKnownFileType = sourcecode.swift; path = WatchService.swift; sourceTree = "<group>"; };
		241C41FD282AB7F5008995C9 /* WatchConnectivity.swift */ = {isa = PBXFileReference; lastKnownFileType = sourcecode.swift; path = WatchConnectivity.swift; sourceTree = "<group>"; };
		241C4204282C535F008995C9 /* BathWashCore.framework */ = {isa = PBXFileReference; explicitFileType = wrapper.framework; includeInIndex = 0; path = BathWashCore.framework; sourceTree = BUILT_PRODUCTS_DIR; };
		241C4206282C535F008995C9 /* BashWashCore.h */ = {isa = PBXFileReference; lastKnownFileType = sourcecode.c.h; path = BashWashCore.h; sourceTree = "<group>"; };
		241C4207282C535F008995C9 /* BashWashCore.docc */ = {isa = PBXFileReference; lastKnownFileType = folder.documentationcatalog; path = BashWashCore.docc; sourceTree = "<group>"; };
		241C420D282C535F008995C9 /* BathWashCoreTests.xctest */ = {isa = PBXFileReference; explicitFileType = wrapper.cfbundle; includeInIndex = 0; path = BathWashCoreTests.xctest; sourceTree = BUILT_PRODUCTS_DIR; };
		241C4224282C53F8008995C9 /* WashDayCheckService.swift */ = {isa = PBXFileReference; lastKnownFileType = sourcecode.swift; path = WashDayCheckService.swift; sourceTree = "<group>"; };
		241C4227282C56FC008995C9 /* ViewModel.swift */ = {isa = PBXFileReference; lastKnownFileType = sourcecode.swift; path = ViewModel.swift; sourceTree = "<group>"; };
		24224E18282E68E700A86160 /* ComplicationView.swift */ = {isa = PBXFileReference; lastKnownFileType = sourcecode.swift; path = ComplicationView.swift; sourceTree = "<group>"; };
		245448282835E153003ACBF4 /* WashInFuture.swift */ = {isa = PBXFileReference; lastKnownFileType = sourcecode.swift; path = WashInFuture.swift; sourceTree = "<group>"; };
		2454482A2835E3C4003ACBF4 /* WashInFutureTests.swift */ = {isa = PBXFileReference; lastKnownFileType = sourcecode.swift; path = WashInFutureTests.swift; sourceTree = "<group>"; };
		247E06452829FA2A00C85663 /* NotificationService.swift */ = {isa = PBXFileReference; lastKnownFileType = sourcecode.swift; path = NotificationService.swift; sourceTree = "<group>"; };
		249250952829429E009E4417 /* BathWashDay.app */ = {isa = PBXFileReference; explicitFileType = wrapper.application; includeInIndex = 0; path = BathWashDay.app; sourceTree = BUILT_PRODUCTS_DIR; };
		249250982829429E009E4417 /* AppDelegate.swift */ = {isa = PBXFileReference; lastKnownFileType = sourcecode.swift; path = AppDelegate.swift; sourceTree = "<group>"; };
		2492509A2829429E009E4417 /* SceneDelegate.swift */ = {isa = PBXFileReference; lastKnownFileType = sourcecode.swift; path = SceneDelegate.swift; sourceTree = "<group>"; };
		2492509C2829429E009E4417 /* ViewController.swift */ = {isa = PBXFileReference; lastKnownFileType = sourcecode.swift; path = ViewController.swift; sourceTree = "<group>"; };
		2492509F2829429E009E4417 /* Base */ = {isa = PBXFileReference; lastKnownFileType = file.storyboard; name = Base; path = Base.lproj/Main.storyboard; sourceTree = "<group>"; };
		249250A1282942A2009E4417 /* Assets.xcassets */ = {isa = PBXFileReference; lastKnownFileType = folder.assetcatalog; path = Assets.xcassets; sourceTree = "<group>"; };
		249250A4282942A2009E4417 /* Base */ = {isa = PBXFileReference; lastKnownFileType = file.storyboard; name = Base; path = Base.lproj/LaunchScreen.storyboard; sourceTree = "<group>"; };
		249250A6282942A2009E4417 /* Info.plist */ = {isa = PBXFileReference; lastKnownFileType = text.plist.xml; path = Info.plist; sourceTree = "<group>"; };
		249250B02829467B009E4417 /* BathWashDayTests.xctest */ = {isa = PBXFileReference; explicitFileType = wrapper.cfbundle; includeInIndex = 0; path = BathWashDayTests.xctest; sourceTree = BUILT_PRODUCTS_DIR; };
		249250B22829467B009E4417 /* BathWashDayTests.swift */ = {isa = PBXFileReference; lastKnownFileType = sourcecode.swift; path = BathWashDayTests.swift; sourceTree = "<group>"; };
		249250BA282946D8009E4417 /* WashDay.swift */ = {isa = PBXFileReference; lastKnownFileType = sourcecode.swift; path = WashDay.swift; sourceTree = "<group>"; };
		249250BC28294F19009E4417 /* UserDefaultDao.swift */ = {isa = PBXFileReference; lastKnownFileType = sourcecode.swift; path = UserDefaultDao.swift; sourceTree = "<group>"; };
/* End PBXFileReference section */

/* Begin PBXFrameworksBuildPhase section */
		241C41D7282AB203008995C9 /* Frameworks */ = {
			isa = PBXFrameworksBuildPhase;
			buildActionMask = 2147483647;
			files = (
				241C422A282C5C97008995C9 /* BathWashCore.framework in Frameworks */,
			);
			runOnlyForDeploymentPostprocessing = 0;
		};
		241C4201282C535F008995C9 /* Frameworks */ = {
			isa = PBXFrameworksBuildPhase;
			buildActionMask = 2147483647;
			files = (
			);
			runOnlyForDeploymentPostprocessing = 0;
		};
		241C420A282C535F008995C9 /* Frameworks */ = {
			isa = PBXFrameworksBuildPhase;
			buildActionMask = 2147483647;
			files = (
				241C420E282C5360008995C9 /* BathWashCore.framework in Frameworks */,
			);
			runOnlyForDeploymentPostprocessing = 0;
		};
		249250922829429E009E4417 /* Frameworks */ = {
			isa = PBXFrameworksBuildPhase;
			buildActionMask = 2147483647;
			files = (
				241C4219282C5360008995C9 /* BathWashCore.framework in Frameworks */,
			);
			runOnlyForDeploymentPostprocessing = 0;
		};
		249250AD2829467B009E4417 /* Frameworks */ = {
			isa = PBXFrameworksBuildPhase;
			buildActionMask = 2147483647;
			files = (
			);
			runOnlyForDeploymentPostprocessing = 0;
		};
/* End PBXFrameworksBuildPhase section */

/* Begin PBXGroup section */
		241C41CD282A1118008995C9 /* Sounds */ = {
			isa = PBXGroup;
			children = (
				241C41CE282A1144008995C9 /* sound.mp3 */,
			);
			path = Sounds;
			sourceTree = "<group>";
		};
		241C41D3282AB1FF008995C9 /* BathWashForWatch */ = {
			isa = PBXGroup;
			children = (
				241C41D4282AB203008995C9 /* Assets.xcassets */,
			);
			path = BathWashForWatch;
			sourceTree = "<group>";
		};
		241C41DE282AB203008995C9 /* BathWashForWatch WatchKit Extension */ = {
			isa = PBXGroup;
			children = (
				241C422F282CA6A5008995C9 /* Model */,
				241C41DF282AB203008995C9 /* BathWashDayApp.swift */,
				241C41E1282AB203008995C9 /* ContentView.swift */,
				241C41E3282AB203008995C9 /* NotificationController.swift */,
				241C41E5282AB203008995C9 /* NotificationView.swift */,
				241C41E7282AB203008995C9 /* ComplicationController.swift */,
				241C41E9282AB205008995C9 /* Assets.xcassets */,
				241C41EE282AB205008995C9 /* Info.plist */,
				241C41EF282AB205008995C9 /* PushNotificationPayload.apns */,
				241C41EB282AB205008995C9 /* Preview Content */,
				24224E18282E68E700A86160 /* ComplicationView.swift */,
			);
			path = "BathWashForWatch WatchKit Extension";
			sourceTree = "<group>";
		};
		241C41EB282AB205008995C9 /* Preview Content */ = {
			isa = PBXGroup;
			children = (
				241C41EC282AB205008995C9 /* Preview Assets.xcassets */,
			);
			path = "Preview Content";
			sourceTree = "<group>";
		};
		241C4205282C535F008995C9 /* BathWashCore */ = {
			isa = PBXGroup;
			children = (
				249250BA282946D8009E4417 /* WashDay.swift */,
				241C4224282C53F8008995C9 /* WashDayCheckService.swift */,
				249250BC28294F19009E4417 /* UserDefaultDao.swift */,
				241C4206282C535F008995C9 /* BashWashCore.h */,
				241C4207282C535F008995C9 /* BashWashCore.docc */,
				245448282835E153003ACBF4 /* WashInFuture.swift */,
			);
			path = BathWashCore;
			sourceTree = "<group>";
		};
		241C4213282C5360008995C9 /* BathWashCoreTests */ = {
			isa = PBXGroup;
			children = (
				249250B22829467B009E4417 /* BathWashDayTests.swift */,
				2454482A2835E3C4003ACBF4 /* WashInFutureTests.swift */,
			);
			path = BathWashCoreTests;
			sourceTree = "<group>";
		};
		241C4229282C5C97008995C9 /* Frameworks */ = {
			isa = PBXGroup;
			children = (
			);
			name = Frameworks;
			sourceTree = "<group>";
		};
		241C422F282CA6A5008995C9 /* Model */ = {
			isa = PBXGroup;
			children = (
				241C41FD282AB7F5008995C9 /* WatchConnectivity.swift */,
				241C4227282C56FC008995C9 /* ViewModel.swift */,
			);
			path = Model;
			sourceTree = "<group>";
		};
		2492508C2829429E009E4417 = {
			isa = PBXGroup;
			children = (
				249250972829429E009E4417 /* BathWashDay */,
				249250B12829467B009E4417 /* BathWashDayTests */,
				241C41D3282AB1FF008995C9 /* BathWashForWatch */,
				241C41DE282AB203008995C9 /* BathWashForWatch WatchKit Extension */,
				241C4205282C535F008995C9 /* BathWashCore */,
				241C4213282C5360008995C9 /* BathWashCoreTests */,
				249250962829429E009E4417 /* Products */,
				241C4229282C5C97008995C9 /* Frameworks */,
			);
			sourceTree = "<group>";
		};
		249250962829429E009E4417 /* Products */ = {
			isa = PBXGroup;
			children = (
				249250952829429E009E4417 /* BathWashDay.app */,
				249250B02829467B009E4417 /* BathWashDayTests.xctest */,
				241C41D2282AB1FF008995C9 /* BathWashForWatch.app */,
				241C41DA282AB203008995C9 /* BathWashForWatch WatchKit Extension.appex */,
				241C4204282C535F008995C9 /* BathWashCore.framework */,
				241C420D282C535F008995C9 /* BathWashCoreTests.xctest */,
			);
			name = Products;
			sourceTree = "<group>";
		};
		249250972829429E009E4417 /* BathWashDay */ = {
			isa = PBXGroup;
			children = (
				241C41CD282A1118008995C9 /* Sounds */,
				249250B9282946C3009E4417 /* Model */,
				249250982829429E009E4417 /* AppDelegate.swift */,
				2492509A2829429E009E4417 /* SceneDelegate.swift */,
				2492509C2829429E009E4417 /* ViewController.swift */,
				2492509E2829429E009E4417 /* Main.storyboard */,
				249250A1282942A2009E4417 /* Assets.xcassets */,
				249250A3282942A2009E4417 /* LaunchScreen.storyboard */,
				249250A6282942A2009E4417 /* Info.plist */,
			);
			path = BathWashDay;
			sourceTree = "<group>";
		};
		249250B12829467B009E4417 /* BathWashDayTests */ = {
			isa = PBXGroup;
			children = (
			);
			path = BathWashDayTests;
			sourceTree = "<group>";
		};
		249250B9282946C3009E4417 /* Model */ = {
			isa = PBXGroup;
			children = (
				247E06452829FA2A00C85663 /* NotificationService.swift */,
				241C41FB282AB5CE008995C9 /* WatchService.swift */,
			);
			path = Model;
			sourceTree = "<group>";
		};
/* End PBXGroup section */

/* Begin PBXHeadersBuildPhase section */
		241C41FF282C535F008995C9 /* Headers */ = {
			isa = PBXHeadersBuildPhase;
			buildActionMask = 2147483647;
			files = (
				241C4216282C5360008995C9 /* BashWashCore.h in Headers */,
			);
			runOnlyForDeploymentPostprocessing = 0;
		};
/* End PBXHeadersBuildPhase section */

/* Begin PBXNativeTarget section */
		241C41D1282AB1FF008995C9 /* BathWashForWatch */ = {
			isa = PBXNativeTarget;
			buildConfigurationList = 241C41F7282AB205008995C9 /* Build configuration list for PBXNativeTarget "BathWashForWatch" */;
			buildPhases = (
				241C41D0282AB1FF008995C9 /* Resources */,
				241C41F6282AB205008995C9 /* Embed App Extensions */,
			);
			buildRules = (
			);
			dependencies = (
				241C41DD282AB203008995C9 /* PBXTargetDependency */,
			);
			name = BathWashForWatch;
			productName = BathWashForWatch;
			productReference = 241C41D2282AB1FF008995C9 /* BathWashForWatch.app */;
			productType = "com.apple.product-type.application.watchapp2";
		};
		241C41D9282AB203008995C9 /* BathWashForWatch WatchKit Extension */ = {
			isa = PBXNativeTarget;
			buildConfigurationList = 241C41F3282AB205008995C9 /* Build configuration list for PBXNativeTarget "BathWashForWatch WatchKit Extension" */;
			buildPhases = (
				241C41D6282AB203008995C9 /* Sources */,
				241C41D7282AB203008995C9 /* Frameworks */,
				241C41D8282AB203008995C9 /* Resources */,
				241C422E282C5C97008995C9 /* Embed Frameworks */,
			);
			buildRules = (
			);
			dependencies = (
				241C422D282C5C97008995C9 /* PBXTargetDependency */,
			);
			name = "BathWashForWatch WatchKit Extension";
			productName = "BathWashForWatch WatchKit Extension";
			productReference = 241C41DA282AB203008995C9 /* BathWashForWatch WatchKit Extension.appex */;
			productType = "com.apple.product-type.watchkit2-extension";
		};
		241C4203282C535F008995C9 /* BathWashCore */ = {
			isa = PBXNativeTarget;
			buildConfigurationList = 241C421B282C5360008995C9 /* Build configuration list for PBXNativeTarget "BathWashCore" */;
			buildPhases = (
				241C41FF282C535F008995C9 /* Headers */,
				241C4200282C535F008995C9 /* Sources */,
				241C4201282C535F008995C9 /* Frameworks */,
				241C4202282C535F008995C9 /* Resources */,
			);
			buildRules = (
			);
			dependencies = (
			);
			name = BathWashCore;
			productName = BashWashCore;
			productReference = 241C4204282C535F008995C9 /* BathWashCore.framework */;
			productType = "com.apple.product-type.framework";
		};
		241C420C282C535F008995C9 /* BathWashCoreTests */ = {
			isa = PBXNativeTarget;
			buildConfigurationList = 241C421F282C5360008995C9 /* Build configuration list for PBXNativeTarget "BathWashCoreTests" */;
			buildPhases = (
				241C4209282C535F008995C9 /* Sources */,
				241C420A282C535F008995C9 /* Frameworks */,
				241C420B282C535F008995C9 /* Resources */,
			);
			buildRules = (
			);
			dependencies = (
				241C4210282C5360008995C9 /* PBXTargetDependency */,
				241C4212282C5360008995C9 /* PBXTargetDependency */,
			);
			name = BathWashCoreTests;
			productName = BashWashCoreTests;
			productReference = 241C420D282C535F008995C9 /* BathWashCoreTests.xctest */;
			productType = "com.apple.product-type.bundle.unit-test";
		};
		249250942829429E009E4417 /* BathWashDay */ = {
			isa = PBXNativeTarget;
			buildConfigurationList = 249250A9282942A2009E4417 /* Build configuration list for PBXNativeTarget "BathWashDay" */;
			buildPhases = (
				249250912829429E009E4417 /* Sources */,
				249250922829429E009E4417 /* Frameworks */,
				249250932829429E009E4417 /* Resources */,
				241C41FA282AB205008995C9 /* Embed Watch Content */,
				241C421E282C5360008995C9 /* Embed Frameworks */,
			);
			buildRules = (
			);
			dependencies = (
				241C41F1282AB205008995C9 /* PBXTargetDependency */,
				241C4218282C5360008995C9 /* PBXTargetDependency */,
			);
			name = BathWashDay;
			productName = BathWashDay;
			productReference = 249250952829429E009E4417 /* BathWashDay.app */;
			productType = "com.apple.product-type.application";
		};
		249250AF2829467B009E4417 /* BathWashDayTests */ = {
			isa = PBXNativeTarget;
			buildConfigurationList = 249250B62829467B009E4417 /* Build configuration list for PBXNativeTarget "BathWashDayTests" */;
			buildPhases = (
				249250AC2829467B009E4417 /* Sources */,
				249250AD2829467B009E4417 /* Frameworks */,
				249250AE2829467B009E4417 /* Resources */,
			);
			buildRules = (
			);
			dependencies = (
				249250B52829467B009E4417 /* PBXTargetDependency */,
			);
			name = BathWashDayTests;
			productName = BathWashDayTests;
			productReference = 249250B02829467B009E4417 /* BathWashDayTests.xctest */;
			productType = "com.apple.product-type.bundle.unit-test";
		};
/* End PBXNativeTarget section */

/* Begin PBXProject section */
		2492508D2829429E009E4417 /* Project object */ = {
			isa = PBXProject;
			attributes = {
				BuildIndependentTargetsInParallel = 1;
				LastSwiftUpdateCheck = 1330;
				LastUpgradeCheck = 1330;
				TargetAttributes = {
					241C41D1282AB1FF008995C9 = {
						CreatedOnToolsVersion = 13.3.1;
					};
					241C41D9282AB203008995C9 = {
						CreatedOnToolsVersion = 13.3.1;
					};
					241C4203282C535F008995C9 = {
						CreatedOnToolsVersion = 13.3.1;
					};
					241C420C282C535F008995C9 = {
						CreatedOnToolsVersion = 13.3.1;
						TestTargetID = 249250942829429E009E4417;
					};
					249250942829429E009E4417 = {
						CreatedOnToolsVersion = 13.3.1;
					};
					249250AF2829467B009E4417 = {
						CreatedOnToolsVersion = 13.3.1;
						TestTargetID = 249250942829429E009E4417;
					};
				};
			};
			buildConfigurationList = 249250902829429E009E4417 /* Build configuration list for PBXProject "BathWashDay" */;
			compatibilityVersion = "Xcode 13.0";
			developmentRegion = en;
			hasScannedForEncodings = 0;
			knownRegions = (
				en,
				Base,
			);
			mainGroup = 2492508C2829429E009E4417;
			productRefGroup = 249250962829429E009E4417 /* Products */;
			projectDirPath = "";
			projectRoot = "";
			targets = (
				249250942829429E009E4417 /* BathWashDay */,
				249250AF2829467B009E4417 /* BathWashDayTests */,
				241C41D1282AB1FF008995C9 /* BathWashForWatch */,
				241C41D9282AB203008995C9 /* BathWashForWatch WatchKit Extension */,
				241C4203282C535F008995C9 /* BathWashCore */,
				241C420C282C535F008995C9 /* BathWashCoreTests */,
			);
		};
/* End PBXProject section */

/* Begin PBXResourcesBuildPhase section */
		241C41D0282AB1FF008995C9 /* Resources */ = {
			isa = PBXResourcesBuildPhase;
			buildActionMask = 2147483647;
			files = (
				241C41D5282AB203008995C9 /* Assets.xcassets in Resources */,
			);
			runOnlyForDeploymentPostprocessing = 0;
		};
		241C41D8282AB203008995C9 /* Resources */ = {
			isa = PBXResourcesBuildPhase;
			buildActionMask = 2147483647;
			files = (
				241C41ED282AB205008995C9 /* Preview Assets.xcassets in Resources */,
				241C41EA282AB205008995C9 /* Assets.xcassets in Resources */,
			);
			runOnlyForDeploymentPostprocessing = 0;
		};
		241C4202282C535F008995C9 /* Resources */ = {
			isa = PBXResourcesBuildPhase;
			buildActionMask = 2147483647;
			files = (
			);
			runOnlyForDeploymentPostprocessing = 0;
		};
		241C420B282C535F008995C9 /* Resources */ = {
			isa = PBXResourcesBuildPhase;
			buildActionMask = 2147483647;
			files = (
			);
			runOnlyForDeploymentPostprocessing = 0;
		};
		249250932829429E009E4417 /* Resources */ = {
			isa = PBXResourcesBuildPhase;
			buildActionMask = 2147483647;
			files = (
				241C41CF282A1144008995C9 /* sound.mp3 in Resources */,
				249250A5282942A2009E4417 /* LaunchScreen.storyboard in Resources */,
				249250A2282942A2009E4417 /* Assets.xcassets in Resources */,
				249250A02829429E009E4417 /* Main.storyboard in Resources */,
			);
			runOnlyForDeploymentPostprocessing = 0;
		};
		249250AE2829467B009E4417 /* Resources */ = {
			isa = PBXResourcesBuildPhase;
			buildActionMask = 2147483647;
			files = (
			);
			runOnlyForDeploymentPostprocessing = 0;
		};
/* End PBXResourcesBuildPhase section */

/* Begin PBXSourcesBuildPhase section */
		241C41D6282AB203008995C9 /* Sources */ = {
			isa = PBXSourcesBuildPhase;
			buildActionMask = 2147483647;
			files = (
				241C41FE282AB7F5008995C9 /* WatchConnectivity.swift in Sources */,
				241C41E4282AB203008995C9 /* NotificationController.swift in Sources */,
				241C41E2282AB203008995C9 /* ContentView.swift in Sources */,
				241C41E8282AB203008995C9 /* ComplicationController.swift in Sources */,
				241C41E0282AB203008995C9 /* BathWashDayApp.swift in Sources */,
				241C41E6282AB203008995C9 /* NotificationView.swift in Sources */,
				24224E19282E68E700A86160 /* ComplicationView.swift in Sources */,
				241C4228282C56FC008995C9 /* ViewModel.swift in Sources */,
			);
			runOnlyForDeploymentPostprocessing = 0;
		};
		241C4200282C535F008995C9 /* Sources */ = {
			isa = PBXSourcesBuildPhase;
			buildActionMask = 2147483647;
			files = (
				241C4225282C53F8008995C9 /* WashDayCheckService.swift in Sources */,
				241C4208282C535F008995C9 /* BashWashCore.docc in Sources */,
				245448292835E153003ACBF4 /* WashInFuture.swift in Sources */,
				241C4223282C53D3008995C9 /* WashDay.swift in Sources */,
				241C4222282C53D3008995C9 /* UserDefaultDao.swift in Sources */,
			);
			runOnlyForDeploymentPostprocessing = 0;
		};
		241C4209282C535F008995C9 /* Sources */ = {
			isa = PBXSourcesBuildPhase;
			buildActionMask = 2147483647;
			files = (
				2454482B2835E3C4003ACBF4 /* WashInFutureTests.swift in Sources */,
				241C4226282C5423008995C9 /* BathWashDayTests.swift in Sources */,
			);
			runOnlyForDeploymentPostprocessing = 0;
		};
		249250912829429E009E4417 /* Sources */ = {
			isa = PBXSourcesBuildPhase;
			buildActionMask = 2147483647;
			files = (
				2492509D2829429E009E4417 /* ViewController.swift in Sources */,
				249250992829429E009E4417 /* AppDelegate.swift in Sources */,
				241C41FC282AB5CF008995C9 /* WatchService.swift in Sources */,
				2492509B2829429E009E4417 /* SceneDelegate.swift in Sources */,
				247E06462829FA2A00C85663 /* NotificationService.swift in Sources */,
			);
			runOnlyForDeploymentPostprocessing = 0;
		};
		249250AC2829467B009E4417 /* Sources */ = {
			isa = PBXSourcesBuildPhase;
			buildActionMask = 2147483647;
			files = (
			);
			runOnlyForDeploymentPostprocessing = 0;
		};
/* End PBXSourcesBuildPhase section */

/* Begin PBXTargetDependency section */
		241C41DD282AB203008995C9 /* PBXTargetDependency */ = {
			isa = PBXTargetDependency;
			target = 241C41D9282AB203008995C9 /* BathWashForWatch WatchKit Extension */;
			targetProxy = 241C41DC282AB203008995C9 /* PBXContainerItemProxy */;
		};
		241C41F1282AB205008995C9 /* PBXTargetDependency */ = {
			isa = PBXTargetDependency;
			target = 241C41D1282AB1FF008995C9 /* BathWashForWatch */;
			targetProxy = 241C41F0282AB205008995C9 /* PBXContainerItemProxy */;
		};
		241C4210282C5360008995C9 /* PBXTargetDependency */ = {
			isa = PBXTargetDependency;
			target = 241C4203282C535F008995C9 /* BathWashCore */;
			targetProxy = 241C420F282C5360008995C9 /* PBXContainerItemProxy */;
		};
		241C4212282C5360008995C9 /* PBXTargetDependency */ = {
			isa = PBXTargetDependency;
			target = 249250942829429E009E4417 /* BathWashDay */;
			targetProxy = 241C4211282C5360008995C9 /* PBXContainerItemProxy */;
		};
		241C4218282C5360008995C9 /* PBXTargetDependency */ = {
			isa = PBXTargetDependency;
			target = 241C4203282C535F008995C9 /* BathWashCore */;
			targetProxy = 241C4217282C5360008995C9 /* PBXContainerItemProxy */;
		};
		241C422D282C5C97008995C9 /* PBXTargetDependency */ = {
			isa = PBXTargetDependency;
			target = 241C4203282C535F008995C9 /* BathWashCore */;
			targetProxy = 241C422C282C5C97008995C9 /* PBXContainerItemProxy */;
		};
		249250B52829467B009E4417 /* PBXTargetDependency */ = {
			isa = PBXTargetDependency;
			target = 249250942829429E009E4417 /* BathWashDay */;
			targetProxy = 249250B42829467B009E4417 /* PBXContainerItemProxy */;
		};
/* End PBXTargetDependency section */

/* Begin PBXVariantGroup section */
		2492509E2829429E009E4417 /* Main.storyboard */ = {
			isa = PBXVariantGroup;
			children = (
				2492509F2829429E009E4417 /* Base */,
			);
			name = Main.storyboard;
			sourceTree = "<group>";
		};
		249250A3282942A2009E4417 /* LaunchScreen.storyboard */ = {
			isa = PBXVariantGroup;
			children = (
				249250A4282942A2009E4417 /* Base */,
			);
			name = LaunchScreen.storyboard;
			sourceTree = "<group>";
		};
/* End PBXVariantGroup section */

/* Begin XCBuildConfiguration section */
		241C41F4282AB205008995C9 /* Debug */ = {
			isa = XCBuildConfiguration;
			buildSettings = {
				ASSETCATALOG_COMPILER_COMPLICATION_NAME = Complication;
				CODE_SIGN_STYLE = Automatic;
				CURRENT_PROJECT_VERSION = 1;
				DEVELOPMENT_ASSET_PATHS = "\"BathWashForWatch WatchKit Extension/Preview Content\"";
				DEVELOPMENT_TEAM = 39WWX2FY3V;
				ENABLE_PREVIEWS = YES;
				GENERATE_INFOPLIST_FILE = YES;
				INFOPLIST_FILE = "BathWashForWatch WatchKit Extension/Info.plist";
				INFOPLIST_KEY_CFBundleDisplayName = "BathWashForWatch WatchKit Extension";
				INFOPLIST_KEY_CLKComplicationPrincipalClass = "$(PRODUCT_MODULE_NAME).ComplicationController";
				INFOPLIST_KEY_NSHumanReadableCopyright = "";
				LD_RUNPATH_SEARCH_PATHS = (
					"$(inherited)",
					"@executable_path/Frameworks",
					"@executable_path/../../Frameworks",
				);
				MARKETING_VERSION = 1.0;
				PRODUCT_BUNDLE_IDENTIFIER = saitoh0526.k.BathWashDay.watchkitapp.watchkitextension;
				PRODUCT_NAME = "${TARGET_NAME}";
				SDKROOT = watchos;
				SKIP_INSTALL = YES;
				SWIFT_EMIT_LOC_STRINGS = YES;
				SWIFT_VERSION = 5.0;
				TARGETED_DEVICE_FAMILY = 4;
				WATCHOS_DEPLOYMENT_TARGET = 8.5;
			};
			name = Debug;
		};
		241C41F5282AB205008995C9 /* Release */ = {
			isa = XCBuildConfiguration;
			buildSettings = {
				ASSETCATALOG_COMPILER_COMPLICATION_NAME = Complication;
				CODE_SIGN_STYLE = Automatic;
				CURRENT_PROJECT_VERSION = 1;
				DEVELOPMENT_ASSET_PATHS = "\"BathWashForWatch WatchKit Extension/Preview Content\"";
				DEVELOPMENT_TEAM = 39WWX2FY3V;
				ENABLE_PREVIEWS = YES;
				GENERATE_INFOPLIST_FILE = YES;
				INFOPLIST_FILE = "BathWashForWatch WatchKit Extension/Info.plist";
				INFOPLIST_KEY_CFBundleDisplayName = "BathWashForWatch WatchKit Extension";
				INFOPLIST_KEY_CLKComplicationPrincipalClass = "$(PRODUCT_MODULE_NAME).ComplicationController";
				INFOPLIST_KEY_NSHumanReadableCopyright = "";
				LD_RUNPATH_SEARCH_PATHS = (
					"$(inherited)",
					"@executable_path/Frameworks",
					"@executable_path/../../Frameworks",
				);
				MARKETING_VERSION = 1.0;
				PRODUCT_BUNDLE_IDENTIFIER = saitoh0526.k.BathWashDay.watchkitapp.watchkitextension;
				PRODUCT_NAME = "${TARGET_NAME}";
				SDKROOT = watchos;
				SKIP_INSTALL = YES;
				SWIFT_EMIT_LOC_STRINGS = YES;
				SWIFT_VERSION = 5.0;
				TARGETED_DEVICE_FAMILY = 4;
				WATCHOS_DEPLOYMENT_TARGET = 8.5;
			};
			name = Release;
		};
		241C41F8282AB205008995C9 /* Debug */ = {
			isa = XCBuildConfiguration;
			buildSettings = {
				ALWAYS_EMBED_SWIFT_STANDARD_LIBRARIES = YES;
				ASSETCATALOG_COMPILER_APPICON_NAME = AppIcon;
				ASSETCATALOG_COMPILER_GLOBAL_ACCENT_COLOR_NAME = AccentColor;
				CODE_SIGN_STYLE = Automatic;
				CURRENT_PROJECT_VERSION = 1;
				DEVELOPMENT_TEAM = 39WWX2FY3V;
				GENERATE_INFOPLIST_FILE = YES;
				IBSC_MODULE = BathWashForWatch_WatchKit_Extension;
				INFOPLIST_KEY_CFBundleDisplayName = BathWashForWatch;
				INFOPLIST_KEY_UISupportedInterfaceOrientations = "UIInterfaceOrientationPortrait UIInterfaceOrientationPortraitUpsideDown";
				INFOPLIST_KEY_WKCompanionAppBundleIdentifier = saitoh0526.k.BathWashDay;
				MARKETING_VERSION = 1.0;
				PRODUCT_BUNDLE_IDENTIFIER = saitoh0526.k.BathWashDay.watchkitapp;
				PRODUCT_NAME = "$(TARGET_NAME)";
				SDKROOT = watchos;
				SKIP_INSTALL = YES;
				SWIFT_EMIT_LOC_STRINGS = YES;
				SWIFT_VERSION = 5.0;
				TARGETED_DEVICE_FAMILY = 4;
				WATCHOS_DEPLOYMENT_TARGET = 8.5;
			};
			name = Debug;
		};
		241C41F9282AB205008995C9 /* Release */ = {
			isa = XCBuildConfiguration;
			buildSettings = {
				ALWAYS_EMBED_SWIFT_STANDARD_LIBRARIES = YES;
				ASSETCATALOG_COMPILER_APPICON_NAME = AppIcon;
				ASSETCATALOG_COMPILER_GLOBAL_ACCENT_COLOR_NAME = AccentColor;
				CODE_SIGN_STYLE = Automatic;
				CURRENT_PROJECT_VERSION = 1;
				DEVELOPMENT_TEAM = 39WWX2FY3V;
				GENERATE_INFOPLIST_FILE = YES;
				IBSC_MODULE = BathWashForWatch_WatchKit_Extension;
				INFOPLIST_KEY_CFBundleDisplayName = BathWashForWatch;
				INFOPLIST_KEY_UISupportedInterfaceOrientations = "UIInterfaceOrientationPortrait UIInterfaceOrientationPortraitUpsideDown";
				INFOPLIST_KEY_WKCompanionAppBundleIdentifier = saitoh0526.k.BathWashDay;
				MARKETING_VERSION = 1.0;
				PRODUCT_BUNDLE_IDENTIFIER = saitoh0526.k.BathWashDay.watchkitapp;
				PRODUCT_NAME = "$(TARGET_NAME)";
				SDKROOT = watchos;
				SKIP_INSTALL = YES;
				SWIFT_EMIT_LOC_STRINGS = YES;
				SWIFT_VERSION = 5.0;
				TARGETED_DEVICE_FAMILY = 4;
				WATCHOS_DEPLOYMENT_TARGET = 8.5;
			};
			name = Release;
		};
		241C421C282C5360008995C9 /* Debug */ = {
			isa = XCBuildConfiguration;
			buildSettings = {
				ALLOW_TARGET_PLATFORM_SPECIALIZATION = YES;
				APPLICATION_EXTENSION_API_ONLY = YES;
				CODE_SIGN_STYLE = Automatic;
				CURRENT_PROJECT_VERSION = 1;
				DEFINES_MODULE = YES;
				DEVELOPMENT_TEAM = 39WWX2FY3V;
				DYLIB_COMPATIBILITY_VERSION = 1;
				DYLIB_CURRENT_VERSION = 1;
				DYLIB_INSTALL_NAME_BASE = "@rpath";
				GENERATE_INFOPLIST_FILE = YES;
				INFOPLIST_KEY_NSHumanReadableCopyright = "";
				INSTALL_PATH = "$(LOCAL_LIBRARY_DIR)/Frameworks";
				LD_RUNPATH_SEARCH_PATHS = (
					"$(inherited)",
					"@executable_path/Frameworks",
					"@loader_path/Frameworks",
				);
				MARKETING_VERSION = 1.0;
				PRODUCT_BUNDLE_IDENTIFIER = saitoh0526.k.BashWashCore;
				PRODUCT_NAME = "$(TARGET_NAME:c99extidentifier)";
				SDKROOT = iphoneos;
				SKIP_INSTALL = YES;
				SUPPORTED_PLATFORMS = "watchsimulator watchos macosx iphonesimulator iphoneos driverkit appletvsimulator appletvos";
				SUPPORTS_MACCATALYST = YES;
				SWIFT_EMIT_LOC_STRINGS = YES;
				SWIFT_VERSION = 5.0;
				TARGETED_DEVICE_FAMILY = "1,2,4";
				VERSIONING_SYSTEM = "apple-generic";
				VERSION_INFO_PREFIX = "";
			};
			name = Debug;
		};
		241C421D282C5360008995C9 /* Release */ = {
			isa = XCBuildConfiguration;
			buildSettings = {
				ALLOW_TARGET_PLATFORM_SPECIALIZATION = YES;
				APPLICATION_EXTENSION_API_ONLY = YES;
				CODE_SIGN_STYLE = Automatic;
				CURRENT_PROJECT_VERSION = 1;
				DEFINES_MODULE = YES;
				DEVELOPMENT_TEAM = 39WWX2FY3V;
				DYLIB_COMPATIBILITY_VERSION = 1;
				DYLIB_CURRENT_VERSION = 1;
				DYLIB_INSTALL_NAME_BASE = "@rpath";
				GENERATE_INFOPLIST_FILE = YES;
				INFOPLIST_KEY_NSHumanReadableCopyright = "";
				INSTALL_PATH = "$(LOCAL_LIBRARY_DIR)/Frameworks";
				LD_RUNPATH_SEARCH_PATHS = (
					"$(inherited)",
					"@executable_path/Frameworks",
					"@loader_path/Frameworks",
				);
				MARKETING_VERSION = 1.0;
				PRODUCT_BUNDLE_IDENTIFIER = saitoh0526.k.BashWashCore;
				PRODUCT_NAME = "$(TARGET_NAME:c99extidentifier)";
				SDKROOT = iphoneos;
				SKIP_INSTALL = YES;
				SUPPORTED_PLATFORMS = "watchsimulator watchos macosx iphonesimulator iphoneos driverkit appletvsimulator appletvos";
				SUPPORTS_MACCATALYST = YES;
				SWIFT_EMIT_LOC_STRINGS = YES;
				SWIFT_VERSION = 5.0;
				TARGETED_DEVICE_FAMILY = "1,2,4";
				VERSIONING_SYSTEM = "apple-generic";
				VERSION_INFO_PREFIX = "";
			};
			name = Release;
		};
		241C4220282C5360008995C9 /* Debug */ = {
			isa = XCBuildConfiguration;
			buildSettings = {
				ALWAYS_EMBED_SWIFT_STANDARD_LIBRARIES = YES;
				CODE_SIGN_STYLE = Automatic;
				CURRENT_PROJECT_VERSION = 1;
				DEVELOPMENT_TEAM = 39WWX2FY3V;
				GENERATE_INFOPLIST_FILE = YES;
				MARKETING_VERSION = 1.0;
				PRODUCT_BUNDLE_IDENTIFIER = saitoh0526.k.BashWashCoreTests;
				PRODUCT_NAME = "$(TARGET_NAME)";
				SWIFT_EMIT_LOC_STRINGS = NO;
				SWIFT_VERSION = 5.0;
				TARGETED_DEVICE_FAMILY = "1,2";
				TEST_HOST = "$(BUILT_PRODUCTS_DIR)/BathWashDay.app/BathWashDay";
			};
			name = Debug;
		};
		241C4221282C5360008995C9 /* Release */ = {
			isa = XCBuildConfiguration;
			buildSettings = {
				ALWAYS_EMBED_SWIFT_STANDARD_LIBRARIES = YES;
				CODE_SIGN_STYLE = Automatic;
				CURRENT_PROJECT_VERSION = 1;
				DEVELOPMENT_TEAM = 39WWX2FY3V;
				GENERATE_INFOPLIST_FILE = YES;
				MARKETING_VERSION = 1.0;
				PRODUCT_BUNDLE_IDENTIFIER = saitoh0526.k.BashWashCoreTests;
				PRODUCT_NAME = "$(TARGET_NAME)";
				SWIFT_EMIT_LOC_STRINGS = NO;
				SWIFT_VERSION = 5.0;
				TARGETED_DEVICE_FAMILY = "1,2";
				TEST_HOST = "$(BUILT_PRODUCTS_DIR)/BathWashDay.app/BathWashDay";
			};
			name = Release;
		};
		249250A7282942A2009E4417 /* Debug */ = {
			isa = XCBuildConfiguration;
			buildSettings = {
				ALWAYS_SEARCH_USER_PATHS = NO;
				CLANG_ANALYZER_NONNULL = YES;
				CLANG_ANALYZER_NUMBER_OBJECT_CONVERSION = YES_AGGRESSIVE;
				CLANG_CXX_LANGUAGE_STANDARD = "gnu++17";
				CLANG_ENABLE_MODULES = YES;
				CLANG_ENABLE_OBJC_ARC = YES;
				CLANG_ENABLE_OBJC_WEAK = YES;
				CLANG_WARN_BLOCK_CAPTURE_AUTORELEASING = YES;
				CLANG_WARN_BOOL_CONVERSION = YES;
				CLANG_WARN_COMMA = YES;
				CLANG_WARN_CONSTANT_CONVERSION = YES;
				CLANG_WARN_DEPRECATED_OBJC_IMPLEMENTATIONS = YES;
				CLANG_WARN_DIRECT_OBJC_ISA_USAGE = YES_ERROR;
				CLANG_WARN_DOCUMENTATION_COMMENTS = YES;
				CLANG_WARN_EMPTY_BODY = YES;
				CLANG_WARN_ENUM_CONVERSION = YES;
				CLANG_WARN_INFINITE_RECURSION = YES;
				CLANG_WARN_INT_CONVERSION = YES;
				CLANG_WARN_NON_LITERAL_NULL_CONVERSION = YES;
				CLANG_WARN_OBJC_IMPLICIT_RETAIN_SELF = YES;
				CLANG_WARN_OBJC_LITERAL_CONVERSION = YES;
				CLANG_WARN_OBJC_ROOT_CLASS = YES_ERROR;
				CLANG_WARN_QUOTED_INCLUDE_IN_FRAMEWORK_HEADER = YES;
				CLANG_WARN_RANGE_LOOP_ANALYSIS = YES;
				CLANG_WARN_STRICT_PROTOTYPES = YES;
				CLANG_WARN_SUSPICIOUS_MOVE = YES;
				CLANG_WARN_UNGUARDED_AVAILABILITY = YES_AGGRESSIVE;
				CLANG_WARN_UNREACHABLE_CODE = YES;
				CLANG_WARN__DUPLICATE_METHOD_MATCH = YES;
				COPY_PHASE_STRIP = NO;
				DEBUG_INFORMATION_FORMAT = dwarf;
				ENABLE_STRICT_OBJC_MSGSEND = YES;
				ENABLE_TESTABILITY = YES;
				GCC_C_LANGUAGE_STANDARD = gnu11;
				GCC_DYNAMIC_NO_PIC = NO;
				GCC_NO_COMMON_BLOCKS = YES;
				GCC_OPTIMIZATION_LEVEL = 0;
				GCC_PREPROCESSOR_DEFINITIONS = (
					"DEBUG=1",
					"$(inherited)",
				);
				GCC_WARN_64_TO_32_BIT_CONVERSION = YES;
				GCC_WARN_ABOUT_RETURN_TYPE = YES_ERROR;
				GCC_WARN_UNDECLARED_SELECTOR = YES;
				GCC_WARN_UNINITIALIZED_AUTOS = YES_AGGRESSIVE;
				GCC_WARN_UNUSED_FUNCTION = YES;
				GCC_WARN_UNUSED_VARIABLE = YES;
				IPHONEOS_DEPLOYMENT_TARGET = 15.4;
				MTL_ENABLE_DEBUG_INFO = INCLUDE_SOURCE;
				MTL_FAST_MATH = YES;
				ONLY_ACTIVE_ARCH = YES;
				SDKROOT = iphoneos;
				SWIFT_ACTIVE_COMPILATION_CONDITIONS = DEBUG;
				SWIFT_OPTIMIZATION_LEVEL = "-Onone";
			};
			name = Debug;
		};
		249250A8282942A2009E4417 /* Release */ = {
			isa = XCBuildConfiguration;
			buildSettings = {
				ALWAYS_SEARCH_USER_PATHS = NO;
				CLANG_ANALYZER_NONNULL = YES;
				CLANG_ANALYZER_NUMBER_OBJECT_CONVERSION = YES_AGGRESSIVE;
				CLANG_CXX_LANGUAGE_STANDARD = "gnu++17";
				CLANG_ENABLE_MODULES = YES;
				CLANG_ENABLE_OBJC_ARC = YES;
				CLANG_ENABLE_OBJC_WEAK = YES;
				CLANG_WARN_BLOCK_CAPTURE_AUTORELEASING = YES;
				CLANG_WARN_BOOL_CONVERSION = YES;
				CLANG_WARN_COMMA = YES;
				CLANG_WARN_CONSTANT_CONVERSION = YES;
				CLANG_WARN_DEPRECATED_OBJC_IMPLEMENTATIONS = YES;
				CLANG_WARN_DIRECT_OBJC_ISA_USAGE = YES_ERROR;
				CLANG_WARN_DOCUMENTATION_COMMENTS = YES;
				CLANG_WARN_EMPTY_BODY = YES;
				CLANG_WARN_ENUM_CONVERSION = YES;
				CLANG_WARN_INFINITE_RECURSION = YES;
				CLANG_WARN_INT_CONVERSION = YES;
				CLANG_WARN_NON_LITERAL_NULL_CONVERSION = YES;
				CLANG_WARN_OBJC_IMPLICIT_RETAIN_SELF = YES;
				CLANG_WARN_OBJC_LITERAL_CONVERSION = YES;
				CLANG_WARN_OBJC_ROOT_CLASS = YES_ERROR;
				CLANG_WARN_QUOTED_INCLUDE_IN_FRAMEWORK_HEADER = YES;
				CLANG_WARN_RANGE_LOOP_ANALYSIS = YES;
				CLANG_WARN_STRICT_PROTOTYPES = YES;
				CLANG_WARN_SUSPICIOUS_MOVE = YES;
				CLANG_WARN_UNGUARDED_AVAILABILITY = YES_AGGRESSIVE;
				CLANG_WARN_UNREACHABLE_CODE = YES;
				CLANG_WARN__DUPLICATE_METHOD_MATCH = YES;
				COPY_PHASE_STRIP = NO;
				DEBUG_INFORMATION_FORMAT = "dwarf-with-dsym";
				ENABLE_NS_ASSERTIONS = NO;
				ENABLE_STRICT_OBJC_MSGSEND = YES;
				GCC_C_LANGUAGE_STANDARD = gnu11;
				GCC_NO_COMMON_BLOCKS = YES;
				GCC_WARN_64_TO_32_BIT_CONVERSION = YES;
				GCC_WARN_ABOUT_RETURN_TYPE = YES_ERROR;
				GCC_WARN_UNDECLARED_SELECTOR = YES;
				GCC_WARN_UNINITIALIZED_AUTOS = YES_AGGRESSIVE;
				GCC_WARN_UNUSED_FUNCTION = YES;
				GCC_WARN_UNUSED_VARIABLE = YES;
				IPHONEOS_DEPLOYMENT_TARGET = 15.4;
				MTL_ENABLE_DEBUG_INFO = NO;
				MTL_FAST_MATH = YES;
				SDKROOT = iphoneos;
				SWIFT_COMPILATION_MODE = wholemodule;
				SWIFT_OPTIMIZATION_LEVEL = "-O";
				VALIDATE_PRODUCT = YES;
			};
			name = Release;
		};
		249250AA282942A2009E4417 /* Debug */ = {
			isa = XCBuildConfiguration;
			buildSettings = {
				ALWAYS_EMBED_SWIFT_STANDARD_LIBRARIES = YES;
				ASSETCATALOG_COMPILER_APPICON_NAME = AppIcon;
				ASSETCATALOG_COMPILER_GLOBAL_ACCENT_COLOR_NAME = AccentColor;
				CODE_SIGN_STYLE = Automatic;
				CURRENT_PROJECT_VERSION = 1;
				DEVELOPMENT_TEAM = 39WWX2FY3V;
				GENERATE_INFOPLIST_FILE = YES;
				INFOPLIST_FILE = BathWashDay/Info.plist;
				INFOPLIST_KEY_UIApplicationSupportsIndirectInputEvents = YES;
				INFOPLIST_KEY_UILaunchStoryboardName = LaunchScreen;
				INFOPLIST_KEY_UIMainStoryboardFile = Main;
				INFOPLIST_KEY_UISupportedInterfaceOrientations_iPad = "UIInterfaceOrientationPortrait UIInterfaceOrientationPortraitUpsideDown UIInterfaceOrientationLandscapeLeft UIInterfaceOrientationLandscapeRight";
				INFOPLIST_KEY_UISupportedInterfaceOrientations_iPhone = "UIInterfaceOrientationPortrait UIInterfaceOrientationLandscapeLeft UIInterfaceOrientationLandscapeRight";
				LD_RUNPATH_SEARCH_PATHS = (
					"$(inherited)",
					"@executable_path/Frameworks",
				);
				MARKETING_VERSION = 1.0;
				PRODUCT_BUNDLE_IDENTIFIER = saitoh0526.k.BathWashDay;
				PRODUCT_NAME = "$(TARGET_NAME)";
				SWIFT_EMIT_LOC_STRINGS = YES;
				SWIFT_VERSION = 5.0;
				TARGETED_DEVICE_FAMILY = "1,2";
			};
			name = Debug;
		};
		249250AB282942A2009E4417 /* Release */ = {
			isa = XCBuildConfiguration;
			buildSettings = {
				ALWAYS_EMBED_SWIFT_STANDARD_LIBRARIES = YES;
				ASSETCATALOG_COMPILER_APPICON_NAME = AppIcon;
				ASSETCATALOG_COMPILER_GLOBAL_ACCENT_COLOR_NAME = AccentColor;
				CODE_SIGN_STYLE = Automatic;
				CURRENT_PROJECT_VERSION = 1;
				DEVELOPMENT_TEAM = 39WWX2FY3V;
				GENERATE_INFOPLIST_FILE = YES;
				INFOPLIST_FILE = BathWashDay/Info.plist;
				INFOPLIST_KEY_UIApplicationSupportsIndirectInputEvents = YES;
				INFOPLIST_KEY_UILaunchStoryboardName = LaunchScreen;
				INFOPLIST_KEY_UIMainStoryboardFile = Main;
				INFOPLIST_KEY_UISupportedInterfaceOrientations_iPad = "UIInterfaceOrientationPortrait UIInterfaceOrientationPortraitUpsideDown UIInterfaceOrientationLandscapeLeft UIInterfaceOrientationLandscapeRight";
				INFOPLIST_KEY_UISupportedInterfaceOrientations_iPhone = "UIInterfaceOrientationPortrait UIInterfaceOrientationLandscapeLeft UIInterfaceOrientationLandscapeRight";
				LD_RUNPATH_SEARCH_PATHS = (
					"$(inherited)",
					"@executable_path/Frameworks",
				);
				MARKETING_VERSION = 1.0;
				PRODUCT_BUNDLE_IDENTIFIER = saitoh0526.k.BathWashDay;
				PRODUCT_NAME = "$(TARGET_NAME)";
				SWIFT_EMIT_LOC_STRINGS = YES;
				SWIFT_VERSION = 5.0;
				TARGETED_DEVICE_FAMILY = "1,2";
			};
			name = Release;
		};
		249250B72829467B009E4417 /* Debug */ = {
			isa = XCBuildConfiguration;
			buildSettings = {
				BUNDLE_LOADER = "$(TEST_HOST)";
				CODE_SIGN_STYLE = Automatic;
				CURRENT_PROJECT_VERSION = 1;
				DEVELOPMENT_TEAM = 39WWX2FY3V;
				GENERATE_INFOPLIST_FILE = YES;
				MARKETING_VERSION = 1.0;
				PRODUCT_BUNDLE_IDENTIFIER = saitoh0526.k.BathWashDayTests;
				PRODUCT_NAME = "$(TARGET_NAME)";
				SWIFT_EMIT_LOC_STRINGS = NO;
				SWIFT_VERSION = 5.0;
				TARGETED_DEVICE_FAMILY = "1,2";
				TEST_HOST = "$(BUILT_PRODUCTS_DIR)/BathWashDay.app/BathWashDay";
			};
			name = Debug;
		};
		249250B82829467B009E4417 /* Release */ = {
			isa = XCBuildConfiguration;
			buildSettings = {
				BUNDLE_LOADER = "$(TEST_HOST)";
				CODE_SIGN_STYLE = Automatic;
				CURRENT_PROJECT_VERSION = 1;
				DEVELOPMENT_TEAM = 39WWX2FY3V;
				GENERATE_INFOPLIST_FILE = YES;
				MARKETING_VERSION = 1.0;
				PRODUCT_BUNDLE_IDENTIFIER = saitoh0526.k.BathWashDayTests;
				PRODUCT_NAME = "$(TARGET_NAME)";
				SWIFT_EMIT_LOC_STRINGS = NO;
				SWIFT_VERSION = 5.0;
				TARGETED_DEVICE_FAMILY = "1,2";
				TEST_HOST = "$(BUILT_PRODUCTS_DIR)/BathWashDay.app/BathWashDay";
			};
			name = Release;
		};
/* End XCBuildConfiguration section */

/* Begin XCConfigurationList section */
		241C41F3282AB205008995C9 /* Build configuration list for PBXNativeTarget "BathWashForWatch WatchKit Extension" */ = {
			isa = XCConfigurationList;
			buildConfigurations = (
				241C41F4282AB205008995C9 /* Debug */,
				241C41F5282AB205008995C9 /* Release */,
			);
			defaultConfigurationIsVisible = 0;
			defaultConfigurationName = Release;
		};
		241C41F7282AB205008995C9 /* Build configuration list for PBXNativeTarget "BathWashForWatch" */ = {
			isa = XCConfigurationList;
			buildConfigurations = (
				241C41F8282AB205008995C9 /* Debug */,
				241C41F9282AB205008995C9 /* Release */,
			);
			defaultConfigurationIsVisible = 0;
			defaultConfigurationName = Release;
		};
		241C421B282C5360008995C9 /* Build configuration list for PBXNativeTarget "BathWashCore" */ = {
			isa = XCConfigurationList;
			buildConfigurations = (
				241C421C282C5360008995C9 /* Debug */,
				241C421D282C5360008995C9 /* Release */,
			);
			defaultConfigurationIsVisible = 0;
			defaultConfigurationName = Release;
		};
		241C421F282C5360008995C9 /* Build configuration list for PBXNativeTarget "BathWashCoreTests" */ = {
			isa = XCConfigurationList;
			buildConfigurations = (
				241C4220282C5360008995C9 /* Debug */,
				241C4221282C5360008995C9 /* Release */,
			);
			defaultConfigurationIsVisible = 0;
			defaultConfigurationName = Release;
		};
		249250902829429E009E4417 /* Build configuration list for PBXProject "BathWashDay" */ = {
			isa = XCConfigurationList;
			buildConfigurations = (
				249250A7282942A2009E4417 /* Debug */,
				249250A8282942A2009E4417 /* Release */,
			);
			defaultConfigurationIsVisible = 0;
			defaultConfigurationName = Release;
		};
		249250A9282942A2009E4417 /* Build configuration list for PBXNativeTarget "BathWashDay" */ = {
			isa = XCConfigurationList;
			buildConfigurations = (
				249250AA282942A2009E4417 /* Debug */,
				249250AB282942A2009E4417 /* Release */,
			);
			defaultConfigurationIsVisible = 0;
			defaultConfigurationName = Release;
		};
		249250B62829467B009E4417 /* Build configuration list for PBXNativeTarget "BathWashDayTests" */ = {
			isa = XCConfigurationList;
			buildConfigurations = (
				249250B72829467B009E4417 /* Debug */,
				249250B82829467B009E4417 /* Release */,
			);
			defaultConfigurationIsVisible = 0;
			defaultConfigurationName = Release;
		};
/* End XCConfigurationList section */
	};
	rootObject = 2492508D2829429E009E4417 /* Project object */;
}
